{
  "name": "node-red-contrib-lifx2",
  "version": "2.1.0",
  "lockfileVersion": 1,
  "requires": true,
  "dependencies": {
    "lifx-lan-client": {
      "version": "1.0.2",
      "resolved": "https://registry.npmjs.org/lifx-lan-client/-/lifx-lan-client-1.0.2.tgz",
      "integrity": "sha512-3B5YAxM6bImmOp7ejpCi8zqsGN7H08eUHFeiln5attZwUwNujK4kdeMLtU+Uvfwv6crrKRHM0K9GOrkmkhcmSw==",
      "requires": {
        "eventemitter3": "^2.0.3",
        "lodash": "^4.17.11"
      },
      "dependencies": {
        "eventemitter3": {
          "version": "2.0.3",
          "resolved": "https://registry.npmjs.org/eventemitter3/-/eventemitter3-2.0.3.tgz",
          "integrity": "sha1-teEHm1n7XhuidxwKmTvgYKWMmbo="
        }
      }
    },
    "lodash": {
      "version": "4.17.15",
      "resolved": "https://registry.npmjs.org/lodash/-/lodash-4.17.15.tgz",
      "integrity": "sha512-8xOcRHvCjnocdS5cpwXQXVzmmh5e5+saE2QGoeQmbKmRS6J3VQppPOIt0MnmE+4xlZoumy0GPG0D0MVIQbNA1A=="
    },
    "merge": {
      "version": "1.2.1",
      "resolved": "https://registry.npmjs.org/merge/-/merge-1.2.1.tgz",
      "integrity": "sha512-VjFo4P5Whtj4vsLzsYBu5ayHhoHJ0UqNm7ibvShmbmoz7tGi0vXaoJbGdB+GmDMLUdg8DpQXEIeVDAe8MaABvQ=="
    }
  }
}
